
Microsoft Visual Studio Solution File, Format Version 12.00
# Visual Studio Version 17
VisualStudioVersion = 17.9.34622.214
MinimumVisualStudioVersion = 10.0.40219.1
Project("{FAE04EC0-301F-11D3-BF4B-00C04F79EFBC}") = "Bookstore.Domain", "Bookstore.Domain\Bookstore.Domain.csproj", "{285B2CCD-8F7C-4B85-B529-4E10E3681774}"
EndProject
Project("{FAE04EC0-301F-11D3-BF4B-00C04F79EFBC}") = "Bookstore.Application", "Bookstore.Application\Bookstore.Application.csproj", "{B84DB80E-6666-48EA-B141-381C7761D721}"
EndProject
Project("{FAE04EC0-301F-11D3-BF4B-00C04F79EFBC}") = "Bookstore.Infrastructure", "Bookstore.Infrastructure\Bookstore.Infrastructure.csproj", "{2060524A-1E3D-4884-A22C-A3708FBEB0B3}"
EndProject
Project("{FAE04EC0-301F-11D3-BF4B-00C04F79EFBC}") = "Bookstore.CrossCutting", "Bookstore.CrossCutting\Bookstore.CrossCutting.csproj", "{8EEEB9E2-7320-4AD5-A0E6-F1EA28AAD7BC}"
EndProject
Project("{FAE04EC0-301F-11D3-BF4B-00C04F79EFBC}") = "Bookstore.Blazor", "Bookstore.Blazor\Bookstore.Blazor.csproj", "{BEC8C232-161C-44F5-A70F-D6ECB263E615}"
EndProject
Global
	GlobalSection(SolutionConfigurationPlatforms) = preSolution
		Debug|Any CPU = Debug|Any CPU
		Release|Any CPU = Release|Any CPU
	EndGlobalSection
	GlobalSection(ProjectConfigurationPlatforms) = postSolution
		{285B2CCD-8F7C-4B85-B529-4E10E3681774}.Debug|Any CPU.ActiveCfg = Debug|Any CPU
		{285B2CCD-8F7C-4B85-B529-4E10E3681774}.Debug|Any CPU.Build.0 = Debug|Any CPU
		{285B2CCD-8F7C-4B85-B529-4E10E3681774}.Release|Any CPU.ActiveCfg = Release|Any CPU
		{285B2CCD-8F7C-4B85-B529-4E10E3681774}.Release|Any CPU.Build.0 = Release|Any CPU
		{B84DB80E-6666-48EA-B141-381C7761D721}.Debug|Any CPU.ActiveCfg = Debug|Any CPU
		{B84DB80E-6666-48EA-B141-381C7761D721}.Debug|Any CPU.Build.0 = Debug|Any CPU
		{B84DB80E-6666-48EA-B141-381C7761D721}.Release|Any CPU.ActiveCfg = Release|Any CPU
		{B84DB80E-6666-48EA-B141-381C7761D721}.Release|Any CPU.Build.0 = Release|Any CPU
		{2060524A-1E3D-4884-A22C-A3708FBEB0B3}.Debug|Any CPU.ActiveCfg = Debug|Any CPU
		{2060524A-1E3D-4884-A22C-A3708FBEB0B3}.Debug|Any CPU.Build.0 = Debug|Any CPU
		{2060524A-1E3D-4884-A22C-A3708FBEB0B3}.Release|Any CPU.ActiveCfg = Release|Any CPU
		{2060524A-1E3D-4884-A22C-A3708FBEB0B3}.Release|Any CPU.Build.0 = Release|Any CPU
		{8EEEB9E2-7320-4AD5-A0E6-F1EA28AAD7BC}.Debug|Any CPU.ActiveCfg = Debug|Any CPU
		{8EEEB9E2-7320-4AD5-A0E6-F1EA28AAD7BC}.Debug|Any CPU.Build.0 = Debug|Any CPU
		{8EEEB9E2-7320-4AD5-A0E6-F1EA28AAD7BC}.Release|Any CPU.ActiveCfg = Release|Any CPU
		{8EEEB9E2-7320-4AD5-A0E6-F1EA28AAD7BC}.Release|Any CPU.Build.0 = Release|Any CPU
		{BEC8C232-161C-44F5-A70F-D6ECB263E615}.Debug|Any CPU.ActiveCfg = Debug|Any CPU
		{BEC8C232-161C-44F5-A70F-D6ECB263E615}.Debug|Any CPU.Build.0 = Debug|Any CPU
		{BEC8C232-161C-44F5-A70F-D6ECB263E615}.Release|Any CPU.ActiveCfg = Release|Any CPU
		{BEC8C232-161C-44F5-A70F-D6ECB263E615}.Release|Any CPU.Build.0 = Release|Any CPU
	EndGlobalSection
	GlobalSection(SolutionProperties) = preSolution
		HideSolutionNode = FALSE
	EndGlobalSection
	GlobalSection(ExtensibilityGlobals) = postSolution
		SolutionGuid = {357B11BD-0C70-4446-9F06-04F831697750}
	EndGlobalSection
EndGlobal
